
Microsoft Visual Studio Solution File, Format Version 12.00
# Visual Studio Version 17
VisualStudioVersion = 17.3.32929.385
MinimumVisualStudioVersion = 10.0.40219.1
Project("{FAE04EC0-301F-11D3-BF4B-00C04F79EFBC}") = "MovieAPI", "MovieAPI\MovieAPI.csproj", "{F4ACEDA7-40F4-4F4B-A644-C23CB19C62F6}"
EndProject
Global
	GlobalSection(SolutionConfigurationPlatforms) = preSolution
		Debug|Any CPU = Debug|Any CPU
		Release|Any CPU = Release|Any CPU
	EndGlobalSection
	GlobalSection(ProjectConfigurationPlatforms) = postSolution
		{F4ACEDA7-40F4-4F4B-A644-C23CB19C62F6}.Debug|Any CPU.ActiveCfg = Debug|Any CPU
		{F4ACEDA7-40F4-4F4B-A644-C23CB19C62F6}.Debug|Any CPU.Build.0 = Debug|Any CPU
		{F4ACEDA7-40F4-4F4B-A644-C23CB19C62F6}.Release|Any CPU.ActiveCfg = Release|Any CPU
		{F4ACEDA7-40F4-4F4B-A644-C23CB19C62F6}.Release|Any CPU.Build.0 = Release|Any CPU
	EndGlobalSection
	GlobalSection(SolutionProperties) = preSolution
		HideSolutionNode = FALSE
	EndGlobalSection
	GlobalSection(ExtensibilityGlobals) = postSolution
		SolutionGuid = {77CA3562-80CB-45CC-9CC6-8E0038E774F0}
	EndGlobalSection
EndGlobal
